# This file is automatically @generated by Poetry 1.8.3 and should not be changed by hand.

[[package]]
name = "packaging"
version = "24.0"
description = "Core utilities for Python packages"
optional = false
python-versions = ">=3.7"
files = [
    {file = "packaging-24.0-py3-none-any.whl", hash = "sha256:2ddfb553fdf02fb784c234c7ba6ccc288296ceabec964ad2eae3777778130bc5"},
    {file = "packaging-24.0.tar.gz", hash = "sha256:eb82c5e3e56209074766e6885bb04b8c38a0c015d0a30036ebe7ece34c9989e9"},
]

[[package]]
name = "plotly"
version = "5.22.0"
description = "An open-source, interactive data visualization library for Python"
optional = false
python-versions = ">=3.8"
files = [
    {file = "plotly-5.22.0-py3-none-any.whl", hash = "sha256:68fc1901f098daeb233cc3dd44ec9dc31fb3ca4f4e53189344199c43496ed006"},
    {file = "plotly-5.22.0.tar.gz", hash = "sha256:859fdadbd86b5770ae2466e542b761b247d1c6b49daed765b95bb8c7063e7469"},
]

[package.dependencies]
packaging = "*"
tenacity = ">=6.2.0"

[[package]]
name = "tenacity"
version = "8.3.0"
description = "Retry code until it succeeds"
optional = false
python-versions = ">=3.8"
files = [
    {file = "tenacity-8.3.0-py3-none-any.whl", hash = "sha256:3649f6443dbc0d9b01b9d8020a9c4ec7a1ff5f6f3c6c8a036ef371f573fe9185"},
    {file = "tenacity-8.3.0.tar.gz", hash = "sha256:953d4e6ad24357bceffbc9707bc74349aca9d245f68eb65419cf0c249a1949a2"},
]

[package.extras]
doc = ["reno", "sphinx"]
test = ["pytest", "tornado (>=4.5)", "typeguard"]

[metadata]
lock-version = "2.0"
python-versions = "^3.9"
content-hash = "ad3fb78cabc968c5bbb322581f6c9ae8ad8c0e41a4f02b1099fcbcbb36d9bfb8"
